
Microsoft Visual Studio Solution File, Format Version 12.00
# Visual Studio 14
VisualStudioVersion = 14.0.25420.1
MinimumVisualStudioVersion = 10.0.40219.1
Project("{FAE04EC0-301F-11D3-BF4B-00C04F79EFBC}") = "PelicanVert", "PelicanVert\PelicanVert.csproj", "{F5C176A6-55A3-4B3A-BE01-425F6D059CCE}"
EndProject
Project("{FAE04EC0-301F-11D3-BF4B-00C04F79EFBC}") = "CreditCurveBuilder", "CreditCurveBuilder\CreditCurveBuilder.csproj", "{81B19643-4A70-4415-8A36-11A0F15C4926}"
EndProject
Project("{FAE04EC0-301F-11D3-BF4B-00C04F79EFBC}") = "HestonPricing", "HestonPricing\HestonPricing.csproj", "{7D553AFA-3864-438D-B9C6-CB544269D749}"
EndProject
Project("{FAE04EC0-301F-11D3-BF4B-00C04F79EFBC}") = "Autocall", "Autocall\Autocall.csproj", "{53FB685B-DB85-4F37-8F5D-2413A19F1118}"
EndProject
Project("{FAE04EC0-301F-11D3-BF4B-00C04F79EFBC}") = "Dev_Marc", "Main_mr\Dev_Marc.csproj", "{714932AE-ABB0-4A61-B52E-C7F678E0BB3C}"
EndProject
Project("{FAE04EC0-301F-11D3-BF4B-00C04F79EFBC}") = "Repack", "Repack\Repack.csproj", "{5A60A772-B0B8-4979-8C8B-610BE15DD677}"
EndProject
Global
	GlobalSection(SolutionConfigurationPlatforms) = preSolution
		Debug|Any CPU = Debug|Any CPU
		Release|Any CPU = Release|Any CPU
	EndGlobalSection
	GlobalSection(ProjectConfigurationPlatforms) = postSolution
		{F5C176A6-55A3-4B3A-BE01-425F6D059CCE}.Debug|Any CPU.ActiveCfg = Debug|Any CPU
		{F5C176A6-55A3-4B3A-BE01-425F6D059CCE}.Debug|Any CPU.Build.0 = Debug|Any CPU
		{F5C176A6-55A3-4B3A-BE01-425F6D059CCE}.Release|Any CPU.ActiveCfg = Release|Any CPU
		{F5C176A6-55A3-4B3A-BE01-425F6D059CCE}.Release|Any CPU.Build.0 = Release|Any CPU
		{81B19643-4A70-4415-8A36-11A0F15C4926}.Debug|Any CPU.ActiveCfg = Debug|Any CPU
		{81B19643-4A70-4415-8A36-11A0F15C4926}.Debug|Any CPU.Build.0 = Debug|Any CPU
		{81B19643-4A70-4415-8A36-11A0F15C4926}.Release|Any CPU.ActiveCfg = Release|Any CPU
		{81B19643-4A70-4415-8A36-11A0F15C4926}.Release|Any CPU.Build.0 = Release|Any CPU
		{7D553AFA-3864-438D-B9C6-CB544269D749}.Debug|Any CPU.ActiveCfg = Debug|Any CPU
		{7D553AFA-3864-438D-B9C6-CB544269D749}.Debug|Any CPU.Build.0 = Debug|Any CPU
		{7D553AFA-3864-438D-B9C6-CB544269D749}.Release|Any CPU.ActiveCfg = Release|Any CPU
		{7D553AFA-3864-438D-B9C6-CB544269D749}.Release|Any CPU.Build.0 = Release|Any CPU
		{53FB685B-DB85-4F37-8F5D-2413A19F1118}.Debug|Any CPU.ActiveCfg = Debug|Any CPU
		{53FB685B-DB85-4F37-8F5D-2413A19F1118}.Debug|Any CPU.Build.0 = Debug|Any CPU
		{53FB685B-DB85-4F37-8F5D-2413A19F1118}.Release|Any CPU.ActiveCfg = Release|Any CPU
		{53FB685B-DB85-4F37-8F5D-2413A19F1118}.Release|Any CPU.Build.0 = Release|Any CPU
		{714932AE-ABB0-4A61-B52E-C7F678E0BB3C}.Debug|Any CPU.ActiveCfg = Debug|Any CPU
		{714932AE-ABB0-4A61-B52E-C7F678E0BB3C}.Debug|Any CPU.Build.0 = Debug|Any CPU
		{714932AE-ABB0-4A61-B52E-C7F678E0BB3C}.Release|Any CPU.ActiveCfg = Release|Any CPU
		{714932AE-ABB0-4A61-B52E-C7F678E0BB3C}.Release|Any CPU.Build.0 = Release|Any CPU
		{5A60A772-B0B8-4979-8C8B-610BE15DD677}.Debug|Any CPU.ActiveCfg = Debug|Any CPU
		{5A60A772-B0B8-4979-8C8B-610BE15DD677}.Debug|Any CPU.Build.0 = Debug|Any CPU
		{5A60A772-B0B8-4979-8C8B-610BE15DD677}.Release|Any CPU.ActiveCfg = Release|Any CPU
		{5A60A772-B0B8-4979-8C8B-610BE15DD677}.Release|Any CPU.Build.0 = Release|Any CPU
	EndGlobalSection
	GlobalSection(SolutionProperties) = preSolution
		HideSolutionNode = FALSE
	EndGlobalSection
EndGlobal
